
Microsoft Visual Studio Solution File, Format Version 12.00
# Visual Studio Version 17
VisualStudioVersion = 17.9.34723.18
MinimumVisualStudioVersion = 10.0.40219.1
Project("{FAE04EC0-301F-11D3-BF4B-00C04F79EFBC}") = "BestStoreMVC", "BestStoreMVC\BestStoreMVC.csproj", "{97B5A278-EDD7-4C76-A4F8-3EF8D33AAE57}"
EndProject
Global
	GlobalSection(SolutionConfigurationPlatforms) = preSolution
		Debug|Any CPU = Debug|Any CPU
		Release|Any CPU = Release|Any CPU
	EndGlobalSection
	GlobalSection(ProjectConfigurationPlatforms) = postSolution
		{97B5A278-EDD7-4C76-A4F8-3EF8D33AAE57}.Debug|Any CPU.ActiveCfg = Debug|Any CPU
		{97B5A278-EDD7-4C76-A4F8-3EF8D33AAE57}.Debug|Any CPU.Build.0 = Debug|Any CPU
		{97B5A278-EDD7-4C76-A4F8-3EF8D33AAE57}.Release|Any CPU.ActiveCfg = Release|Any CPU
		{97B5A278-EDD7-4C76-A4F8-3EF8D33AAE57}.Release|Any CPU.Build.0 = Release|Any CPU
	EndGlobalSection
	GlobalSection(SolutionProperties) = preSolution
		HideSolutionNode = FALSE
	EndGlobalSection
	GlobalSection(ExtensibilityGlobals) = postSolution
		SolutionGuid = {B4A2D7B5-BF3D-46D2-942B-827A8226174D}
	EndGlobalSection
EndGlobal
